
Microsoft Visual Studio Solution File, Format Version 12.00
# Visual Studio 2013
VisualStudioVersion = 12.0.30501.0
MinimumVisualStudioVersion = 10.0.40219.1
Project("{FAE04EC0-301F-11D3-BF4B-00C04F79EFBC}") = "Watermelon", "Watermelon\Watermelon.csproj", "{19072D6B-D0BB-4B7C-81F4-A8D253B7D0CE}"
EndProject
Project("{54435603-DBB4-11D2-8724-00A0C9A8B90C}") = "WatermelonInstall", "WatermelonInstall\WatermelonInstall.vdproj", "{9C4A010A-6E7A-4999-AD1A-32FB3461AC14}"
EndProject
Project("{FAE04EC0-301F-11D3-BF4B-00C04F79EFBC}") = "Actualizer", "..\..\..\AktualizacjaTest2\Actualizer\Actualizer.csproj", "{97F83932-F676-4F7A-B0E9-72E9BAEF8E07}"
EndProject
Project("{FAE04EC0-301F-11D3-BF4B-00C04F79EFBC}") = "WatermelonTests", "WatermelonTests\WatermelonTests.csproj", "{862E3FA0-E998-46A3-A50C-1ED928F5988F}"
EndProject
Global
	GlobalSection(SolutionConfigurationPlatforms) = preSolution
		Debug|Any CPU = Debug|Any CPU
		Release|Any CPU = Release|Any CPU
	EndGlobalSection
	GlobalSection(ProjectConfigurationPlatforms) = postSolution
		{19072D6B-D0BB-4B7C-81F4-A8D253B7D0CE}.Debug|Any CPU.ActiveCfg = Debug|Any CPU
		{19072D6B-D0BB-4B7C-81F4-A8D253B7D0CE}.Debug|Any CPU.Build.0 = Debug|Any CPU
		{19072D6B-D0BB-4B7C-81F4-A8D253B7D0CE}.Release|Any CPU.ActiveCfg = Release|Any CPU
		{19072D6B-D0BB-4B7C-81F4-A8D253B7D0CE}.Release|Any CPU.Build.0 = Release|Any CPU
		{9C4A010A-6E7A-4999-AD1A-32FB3461AC14}.Debug|Any CPU.ActiveCfg = Debug
		{9C4A010A-6E7A-4999-AD1A-32FB3461AC14}.Release|Any CPU.ActiveCfg = Release
		{97F83932-F676-4F7A-B0E9-72E9BAEF8E07}.Debug|Any CPU.ActiveCfg = Debug|Any CPU
		{97F83932-F676-4F7A-B0E9-72E9BAEF8E07}.Debug|Any CPU.Build.0 = Debug|Any CPU
		{97F83932-F676-4F7A-B0E9-72E9BAEF8E07}.Release|Any CPU.ActiveCfg = Release|Any CPU
		{97F83932-F676-4F7A-B0E9-72E9BAEF8E07}.Release|Any CPU.Build.0 = Release|Any CPU
		{862E3FA0-E998-46A3-A50C-1ED928F5988F}.Debug|Any CPU.ActiveCfg = Debug|Any CPU
		{862E3FA0-E998-46A3-A50C-1ED928F5988F}.Debug|Any CPU.Build.0 = Debug|Any CPU
		{862E3FA0-E998-46A3-A50C-1ED928F5988F}.Release|Any CPU.ActiveCfg = Release|Any CPU
		{862E3FA0-E998-46A3-A50C-1ED928F5988F}.Release|Any CPU.Build.0 = Release|Any CPU
	EndGlobalSection
	GlobalSection(SolutionProperties) = preSolution
		HideSolutionNode = FALSE
	EndGlobalSection
EndGlobal
